{
  "requires": true,
  "lockfileVersion": 1,
  "dependencies": {
    "mdbootstrap": {
      "version": "4.5.14",
      "resolved": "https://registry.npmjs.org/mdbootstrap/-/mdbootstrap-4.5.14.tgz",
      "integrity": "sha512-hfd9dwiapYv/92WtntsJ/ervl9cxSaUK9FHGF2Xa2pwqqk4e/cCCxal4F+cCtDJrtyp5nTspevUhq1q5grjXXg=="
    }
  }
}
